
Microsoft Visual Studio Solution File, Format Version 12.00
# Visual Studio Version 17
VisualStudioVersion = 17.8.34525.116
MinimumVisualStudioVersion = 10.0.40219.1
Project("{FAE04EC0-301F-11D3-BF4B-00C04F79EFBC}") = "Dahmira", "Dahmira.csproj", "{3C68E615-389F-49D5-AD74-4CA29FEAEADC}"
EndProject
Global
	GlobalSection(SolutionConfigurationPlatforms) = preSolution
		Debug|Any CPU = Debug|Any CPU
		Release|Any CPU = Release|Any CPU
	EndGlobalSection
	GlobalSection(ProjectConfigurationPlatforms) = postSolution
		{3C68E615-389F-49D5-AD74-4CA29FEAEADC}.Debug|Any CPU.ActiveCfg = Debug|Any CPU
		{3C68E615-389F-49D5-AD74-4CA29FEAEADC}.Debug|Any CPU.Build.0 = Debug|Any CPU
		{3C68E615-389F-49D5-AD74-4CA29FEAEADC}.Release|Any CPU.ActiveCfg = Release|Any CPU
		{3C68E615-389F-49D5-AD74-4CA29FEAEADC}.Release|Any CPU.Build.0 = Release|Any CPU
	EndGlobalSection
	GlobalSection(SolutionProperties) = preSolution
		HideSolutionNode = FALSE
	EndGlobalSection
	GlobalSection(ExtensibilityGlobals) = postSolution
		SolutionGuid = {CF06DEBE-9858-4594-BC7B-56B497FE113A}
	EndGlobalSection
EndGlobal
